
Microsoft Visual Studio Solution File, Format Version 12.00
Project("{FAE04EC0-301F-11D3-BF4B-00C04F79EFBC}") = "credit", "credit\credit.csproj", "{ECECE403-8A64-42EB-8FA9-B7ABDBC700EA}"
EndProject
Global
	GlobalSection(SolutionConfigurationPlatforms) = preSolution
		Debug|Any CPU = Debug|Any CPU
		Release|Any CPU = Release|Any CPU
	EndGlobalSection
	GlobalSection(ProjectConfigurationPlatforms) = postSolution
		{ECECE403-8A64-42EB-8FA9-B7ABDBC700EA}.Debug|Any CPU.ActiveCfg = Debug|Any CPU
		{ECECE403-8A64-42EB-8FA9-B7ABDBC700EA}.Debug|Any CPU.Build.0 = Debug|Any CPU
		{ECECE403-8A64-42EB-8FA9-B7ABDBC700EA}.Release|Any CPU.ActiveCfg = Release|Any CPU
		{ECECE403-8A64-42EB-8FA9-B7ABDBC700EA}.Release|Any CPU.Build.0 = Release|Any CPU
	EndGlobalSection
EndGlobal
